
Microsoft Visual Studio Solution File, Format Version 12.00
# Visual Studio Version 16
VisualStudioVersion = 16.0.32602.291
MinimumVisualStudioVersion = 10.0.40219.1
Project("{FAE04EC0-301F-11D3-BF4B-00C04F79EFBC}") = "Login Password", "Login Password\Login Password.csproj", "{42EC637F-DBD0-4E43-93FC-C2C46C36B5EE}"
EndProject
Global
	GlobalSection(SolutionConfigurationPlatforms) = preSolution
		Debug|Any CPU = Debug|Any CPU
		Release|Any CPU = Release|Any CPU
	EndGlobalSection
	GlobalSection(ProjectConfigurationPlatforms) = postSolution
		{42EC637F-DBD0-4E43-93FC-C2C46C36B5EE}.Debug|Any CPU.ActiveCfg = Debug|Any CPU
		{42EC637F-DBD0-4E43-93FC-C2C46C36B5EE}.Debug|Any CPU.Build.0 = Debug|Any CPU
		{42EC637F-DBD0-4E43-93FC-C2C46C36B5EE}.Release|Any CPU.ActiveCfg = Release|Any CPU
		{42EC637F-DBD0-4E43-93FC-C2C46C36B5EE}.Release|Any CPU.Build.0 = Release|Any CPU
	EndGlobalSection
	GlobalSection(SolutionProperties) = preSolution
		HideSolutionNode = FALSE
	EndGlobalSection
	GlobalSection(ExtensibilityGlobals) = postSolution
		SolutionGuid = {554A4606-FECE-4D49-A62D-07CEF3CDAB69}
	EndGlobalSection
EndGlobal
